
Microsoft Visual Studio Solution File, Format Version 12.00
# Visual Studio Version 17
VisualStudioVersion = 17.8.34316.72
MinimumVisualStudioVersion = 10.0.40219.1
Project("{FAE04EC0-301F-11D3-BF4B-00C04F79EFBC}") = "MaslovaTD_courseProject2024", "MaslovaTD_courseProject2024\MaslovaTD_courseProject2024.csproj", "{7C35D093-379D-48B9-ABD2-C49BB2DDC5B4}"
EndProject
Global
	GlobalSection(SolutionConfigurationPlatforms) = preSolution
		Debug|Any CPU = Debug|Any CPU
		Release|Any CPU = Release|Any CPU
	EndGlobalSection
	GlobalSection(ProjectConfigurationPlatforms) = postSolution
		{7C35D093-379D-48B9-ABD2-C49BB2DDC5B4}.Debug|Any CPU.ActiveCfg = Debug|Any CPU
		{7C35D093-379D-48B9-ABD2-C49BB2DDC5B4}.Debug|Any CPU.Build.0 = Debug|Any CPU
		{7C35D093-379D-48B9-ABD2-C49BB2DDC5B4}.Release|Any CPU.ActiveCfg = Release|Any CPU
		{7C35D093-379D-48B9-ABD2-C49BB2DDC5B4}.Release|Any CPU.Build.0 = Release|Any CPU
	EndGlobalSection
	GlobalSection(SolutionProperties) = preSolution
		HideSolutionNode = FALSE
	EndGlobalSection
	GlobalSection(ExtensibilityGlobals) = postSolution
		SolutionGuid = {435C08BE-C3D7-4537-831B-6464718DC7AB}
	EndGlobalSection
EndGlobal
